
Microsoft Visual Studio Solution File, Format Version 12.00
Project("{2150E333-8FDC-42A3-9474-1A3956D46DE8}") = "src", "src", "{8119CEA4-C9CA-45B3-9D47-1CA1C9145A4E}"
	ProjectSection(SolutionItems) = preProject
		docker-compose.yaml = docker-compose.yaml
	EndProjectSection
EndProject
Project("{FAE04EC0-301F-11D3-BF4B-00C04F79EFBC}") = "ApiGateway", "src\ApiGateway\ApiGateway.csproj", "{90AFE5BC-DA8B-488F-95E0-335F52721025}"
EndProject
Project("{FAE04EC0-301F-11D3-BF4B-00C04F79EFBC}") = "ChatService", "src\ChatService\ChatService.csproj", "{AA056EC1-FFC8-47C4-8BFE-420A18777B33}"
EndProject
Project("{FAE04EC0-301F-11D3-BF4B-00C04F79EFBC}") = "Core", "src\Core\Core.csproj", "{184D50A7-BCFE-4BA1-A7BD-E8F8BF8A85AD}"
EndProject
Project("{FAE04EC0-301F-11D3-BF4B-00C04F79EFBC}") = "IdentityService", "src\IdentityService\IdentityService.csproj", "{C1C77E58-D31C-4B95-BBA3-223BA7F49C5B}"
EndProject
Project("{FAE04EC0-301F-11D3-BF4B-00C04F79EFBC}") = "VacanciesService", "src\VacanciesService\VacanciesService.csproj", "{DD0C2A29-3C39-49F9-9D1A-D110310989D9}"
EndProject
Project("{FAE04EC0-301F-11D3-BF4B-00C04F79EFBC}") = "ProfilesService", "src\ProfilesService\ProfilesService.csproj", "{ED6BB312-F378-4B45-9217-C9B7B69371C6}"
EndProject
Project("{FAE04EC0-301F-11D3-BF4B-00C04F79EFBC}") = "UnitTests", "src\UnitTests\UnitTests.csproj", "{483DEFE3-1B3B-418D-BF0A-3CB0292CC707}"
EndProject
Global
	GlobalSection(SolutionConfigurationPlatforms) = preSolution
		Debug|Any CPU = Debug|Any CPU
		Release|Any CPU = Release|Any CPU
	EndGlobalSection
	GlobalSection(NestedProjects) = preSolution
		{90AFE5BC-DA8B-488F-95E0-335F52721025} = {8119CEA4-C9CA-45B3-9D47-1CA1C9145A4E}
		{AA056EC1-FFC8-47C4-8BFE-420A18777B33} = {8119CEA4-C9CA-45B3-9D47-1CA1C9145A4E}
		{184D50A7-BCFE-4BA1-A7BD-E8F8BF8A85AD} = {8119CEA4-C9CA-45B3-9D47-1CA1C9145A4E}
		{C1C77E58-D31C-4B95-BBA3-223BA7F49C5B} = {8119CEA4-C9CA-45B3-9D47-1CA1C9145A4E}
		{DD0C2A29-3C39-49F9-9D1A-D110310989D9} = {8119CEA4-C9CA-45B3-9D47-1CA1C9145A4E}
		{ED6BB312-F378-4B45-9217-C9B7B69371C6} = {8119CEA4-C9CA-45B3-9D47-1CA1C9145A4E}
		{483DEFE3-1B3B-418D-BF0A-3CB0292CC707} = {8119CEA4-C9CA-45B3-9D47-1CA1C9145A4E}
	EndGlobalSection
	GlobalSection(ProjectConfigurationPlatforms) = postSolution
		{90AFE5BC-DA8B-488F-95E0-335F52721025}.Debug|Any CPU.ActiveCfg = Debug|Any CPU
		{90AFE5BC-DA8B-488F-95E0-335F52721025}.Debug|Any CPU.Build.0 = Debug|Any CPU
		{90AFE5BC-DA8B-488F-95E0-335F52721025}.Release|Any CPU.ActiveCfg = Release|Any CPU
		{90AFE5BC-DA8B-488F-95E0-335F52721025}.Release|Any CPU.Build.0 = Release|Any CPU
		{AA056EC1-FFC8-47C4-8BFE-420A18777B33}.Debug|Any CPU.ActiveCfg = Debug|Any CPU
		{AA056EC1-FFC8-47C4-8BFE-420A18777B33}.Debug|Any CPU.Build.0 = Debug|Any CPU
		{AA056EC1-FFC8-47C4-8BFE-420A18777B33}.Release|Any CPU.ActiveCfg = Release|Any CPU
		{AA056EC1-FFC8-47C4-8BFE-420A18777B33}.Release|Any CPU.Build.0 = Release|Any CPU
		{184D50A7-BCFE-4BA1-A7BD-E8F8BF8A85AD}.Debug|Any CPU.ActiveCfg = Debug|Any CPU
		{184D50A7-BCFE-4BA1-A7BD-E8F8BF8A85AD}.Debug|Any CPU.Build.0 = Debug|Any CPU
		{184D50A7-BCFE-4BA1-A7BD-E8F8BF8A85AD}.Release|Any CPU.ActiveCfg = Release|Any CPU
		{184D50A7-BCFE-4BA1-A7BD-E8F8BF8A85AD}.Release|Any CPU.Build.0 = Release|Any CPU
		{C1C77E58-D31C-4B95-BBA3-223BA7F49C5B}.Debug|Any CPU.ActiveCfg = Debug|Any CPU
		{C1C77E58-D31C-4B95-BBA3-223BA7F49C5B}.Debug|Any CPU.Build.0 = Debug|Any CPU
		{C1C77E58-D31C-4B95-BBA3-223BA7F49C5B}.Release|Any CPU.ActiveCfg = Release|Any CPU
		{C1C77E58-D31C-4B95-BBA3-223BA7F49C5B}.Release|Any CPU.Build.0 = Release|Any CPU
		{DD0C2A29-3C39-49F9-9D1A-D110310989D9}.Debug|Any CPU.ActiveCfg = Debug|Any CPU
		{DD0C2A29-3C39-49F9-9D1A-D110310989D9}.Debug|Any CPU.Build.0 = Debug|Any CPU
		{DD0C2A29-3C39-49F9-9D1A-D110310989D9}.Release|Any CPU.ActiveCfg = Release|Any CPU
		{DD0C2A29-3C39-49F9-9D1A-D110310989D9}.Release|Any CPU.Build.0 = Release|Any CPU
		{ED6BB312-F378-4B45-9217-C9B7B69371C6}.Debug|Any CPU.ActiveCfg = Debug|Any CPU
		{ED6BB312-F378-4B45-9217-C9B7B69371C6}.Debug|Any CPU.Build.0 = Debug|Any CPU
		{ED6BB312-F378-4B45-9217-C9B7B69371C6}.Release|Any CPU.ActiveCfg = Release|Any CPU
		{ED6BB312-F378-4B45-9217-C9B7B69371C6}.Release|Any CPU.Build.0 = Release|Any CPU
		{483DEFE3-1B3B-418D-BF0A-3CB0292CC707}.Debug|Any CPU.ActiveCfg = Debug|Any CPU
		{483DEFE3-1B3B-418D-BF0A-3CB0292CC707}.Debug|Any CPU.Build.0 = Debug|Any CPU
		{483DEFE3-1B3B-418D-BF0A-3CB0292CC707}.Release|Any CPU.ActiveCfg = Release|Any CPU
		{483DEFE3-1B3B-418D-BF0A-3CB0292CC707}.Release|Any CPU.Build.0 = Release|Any CPU
	EndGlobalSection
EndGlobal
